<?xml version="1.0" encoding="utf-8"?>
<Project ToolsVersion="4.0" xmlns="http://schemas.microsoft.com/developer/msbuild/2003">
  <ItemGroup>
    <Filter Include="Source Files">
      <UniqueIdentifier>{4FC737F1-C7A5-4376-A066-2A32D752A2FF}</UniqueIdentifier>
      <Extensions>cpp;c;cc;cxx;def;odl;idl;hpj;bat;asm;asmx</Extensions>
    </Filter>
    <Filter Include="Source Files\VkToolbox">
      <UniqueIdentifier>{8c449d62-d5aa-422c-a312-480639db3195}</UniqueIdentifier>
    </Filter>
    <Filter Include="Source Files\External">
      <UniqueIdentifier>{e6a6a253-efeb-470c-ad7c-4a83045d36d7}</UniqueIdentifier>
    </Filter>
    <Filter Include="Source Files\External\Libs">
      <UniqueIdentifier>{3585e9f0-5d13-4a73-9cc1-6e5b5db402c1}</UniqueIdentifier>
    </Filter>
    <Filter Include="Source Files\Apps">
      <UniqueIdentifier>{3208000e-2b47-4d25-9bc9-fea075d577e8}</UniqueIdentifier>
    </Filter>
    <Filter Include="Source Files\Apps\HelloTriangle">
      <UniqueIdentifier>{35016361-5968-49fe-9484-a465599988cc}</UniqueIdentifier>
    </Filter>
    <Filter Include="Source Files\Apps\ColoredCube">
      <UniqueIdentifier>{95a63839-f520-4b0f-a38b-a562a2963ba0}</UniqueIdentifier>
    </Filter>
    <Filter Include="Source Files\Shaders">
      <UniqueIdentifier>{b26460c9-61c0-44b6-9694-ef6ddeb70ad9}</UniqueIdentifier>
    </Filter>
  </ItemGroup>
  <ItemGroup>
    <ClCompile Include="..\Source\VkToolbox\Resource.cpp">
      <Filter>Source Files\VkToolbox</Filter>
    </ClCompile>
    <ClCompile Include="..\Source\VkToolbox\GlslShader.cpp">
      <Filter>Source Files\VkToolbox</Filter>
    </ClCompile>
    <ClCompile Include="..\Source\VkToolbox\Texture.cpp">
      <Filter>Source Files\VkToolbox</Filter>
    </ClCompile>
    <ClCompile Include="..\Source\VkToolbox\Hashing.cpp">
      <Filter>Source Files\VkToolbox</Filter>
    </ClCompile>
    <ClCompile Include="..\Source\External\External.cpp">
      <Filter>Source Files\External</Filter>
    </ClCompile>
    <ClCompile Include="..\Source\VkToolbox\Log.cpp">
      <Filter>Source Files\VkToolbox</Filter>
    </ClCompile>
    <ClCompile Include="..\Source\VkToolbox\OSWindow.cpp">
      <Filter>Source Files\VkToolbox</Filter>
    </ClCompile>
    <ClCompile Include="..\Source\VkToolbox\VulkanContext.cpp">
      <Filter>Source Files\VkToolbox</Filter>
    </ClCompile>
    <ClCompile Include="..\Source\VkToolbox\ResourceManager.cpp">
      <Filter>Source Files\VkToolbox</Filter>
    </ClCompile>
    <ClCompile Include="..\Source\VkToolbox\Utils.cpp">
      <Filter>Source Files\VkToolbox</Filter>
    </ClCompile>
    <ClCompile Include="..\Source\VkToolbox\Image.cpp">
      <Filter>Source Files\VkToolbox</Filter>
    </ClCompile>
    <ClCompile Include="..\Source\VkToolbox\CommandBuffer.cpp">
      <Filter>Source Files\VkToolbox</Filter>
    </ClCompile>
    <ClCompile Include="..\Source\VkToolbox\RenderPass.cpp">
      <Filter>Source Files\VkToolbox</Filter>
    </ClCompile>
    <ClCompile Include="..\Source\Apps\Main.cpp">
      <Filter>Source Files\Apps</Filter>
    </ClCompile>
    <ClCompile Include="..\Source\Apps\VulkanDemoApp.cpp">
      <Filter>Source Files\Apps</Filter>
    </ClCompile>
    <ClCompile Include="..\Source\Apps\ColoredCube\VkAppColoredCube.cpp">
      <Filter>Source Files\Apps\ColoredCube</Filter>
    </ClCompile>
    <ClCompile Include="..\Source\Apps\HelloTriangle\VkAppHelloTriangle.cpp">
      <Filter>Source Files\Apps\HelloTriangle</Filter>
    </ClCompile>
    <ClCompile Include="..\Source\External\lib-cfg\cfg.cpp">
      <Filter>Source Files\External\Libs</Filter>
    </ClCompile>
  </ItemGroup>
  <ItemGroup>
    <ClInclude Include="..\Source\VkToolbox\Resource.hpp">
      <Filter>Source Files\VkToolbox</Filter>
    </ClInclude>
    <ClInclude Include="..\Source\VkToolbox\GlslShader.hpp">
      <Filter>Source Files\VkToolbox</Filter>
    </ClInclude>
    <ClInclude Include="..\Source\VkToolbox\ResourceManager.hpp">
      <Filter>Source Files\VkToolbox</Filter>
    </ClInclude>
    <ClInclude Include="..\Source\VkToolbox\Texture.hpp">
      <Filter>Source Files\VkToolbox</Filter>
    </ClInclude>
    <ClInclude Include="..\Source\VkToolbox\Hashing.hpp">
      <Filter>Source Files\VkToolbox</Filter>
    </ClInclude>
    <ClInclude Include="..\Source\External\External.hpp">
      <Filter>Source Files\External</Filter>
    </ClInclude>
    <ClInclude Include="..\Source\VkToolbox\Pool.hpp">
      <Filter>Source Files\VkToolbox</Filter>
    </ClInclude>
    <ClInclude Include="..\Source\VkToolbox\StringRegistry.hpp">
      <Filter>Source Files\VkToolbox</Filter>
    </ClInclude>
    <ClInclude Include="..\Source\VkToolbox\Utils.hpp">
      <Filter>Source Files\VkToolbox</Filter>
    </ClInclude>
    <ClInclude Include="..\Source\VkToolbox\Log.hpp">
      <Filter>Source Files\VkToolbox</Filter>
    </ClInclude>
    <ClInclude Include="..\Source\External\enum_helpers\enum_helpers.hpp">
      <Filter>Source Files\External\Libs</Filter>
    </ClInclude>
    <ClInclude Include="..\Source\External\hash_index\hash_index.hpp">
      <Filter>Source Files\External\Libs</Filter>
    </ClInclude>
    <ClInclude Include="..\Source\External\vectormath\vectormath.hpp">
      <Filter>Source Files\External\Libs</Filter>
    </ClInclude>
    <ClInclude Include="..\Source\External\str\str.hpp">
      <Filter>Source Files\External\Libs</Filter>
    </ClInclude>
    <ClInclude Include="..\Source\VkToolbox\OSWindow.hpp">
      <Filter>Source Files\VkToolbox</Filter>
    </ClInclude>
    <ClInclude Include="..\Source\VkToolbox\VulkanContext.hpp">
      <Filter>Source Files\VkToolbox</Filter>
    </ClInclude>
    <ClInclude Include="..\Source\External\array_view\array_view.hpp">
      <Filter>Source Files\External\Libs</Filter>
    </ClInclude>
    <ClInclude Include="..\Source\External\glslang\glslang\Public\ShaderLang.h">
      <Filter>Source Files\External\Libs</Filter>
    </ClInclude>
    <ClInclude Include="..\Source\External\glslang\SPIRV\GlslangToSpv.h">
      <Filter>Source Files\External\Libs</Filter>
    </ClInclude>
    <ClInclude Include="..\Source\VkToolbox\FixedSizeArray.hpp">
      <Filter>Source Files\VkToolbox</Filter>
    </ClInclude>
    <ClInclude Include="..\Source\External\stb\stb_image.h">
      <Filter>Source Files\External\Libs</Filter>
    </ClInclude>
    <ClInclude Include="..\Source\External\stb\stb_image_resize.h">
      <Filter>Source Files\External\Libs</Filter>
    </ClInclude>
    <ClInclude Include="..\Source\External\stb\stb_image_write.h">
      <Filter>Source Files\External\Libs</Filter>
    </ClInclude>
    <ClInclude Include="..\Source\VkToolbox\Image.hpp">
      <Filter>Source Files\VkToolbox</Filter>
    </ClInclude>
    <ClInclude Include="..\Source\VkToolbox\CommandBuffer.hpp">
      <Filter>Source Files\VkToolbox</Filter>
    </ClInclude>
    <ClInclude Include="..\Source\VkToolbox\RenderPass.hpp">
      <Filter>Source Files\VkToolbox</Filter>
    </ClInclude>
    <ClInclude Include="..\Source\Apps\VulkanDemoApp.hpp">
      <Filter>Source Files\Apps</Filter>
    </ClInclude>
    <ClInclude Include="..\Source\External\lib-cfg\cfg.hpp">
      <Filter>Source Files\External\Libs</Filter>
    </ClInclude>
    <ClInclude Include="..\Source\External\assimp\include\assimp\Importer.hpp">
      <Filter>Source Files\External\Libs</Filter>
    </ClInclude>
    <ClInclude Include="..\Source\VkToolbox\Buffers.hpp">
      <Filter>Source Files\VkToolbox</Filter>
    </ClInclude>
    <ClInclude Include="..\Source\VkToolbox\DescriptorSets.hpp">
      <Filter>Source Files\VkToolbox</Filter>
    </ClInclude>
    <ClInclude Include="..\Source\VkToolbox\PipelineState.hpp">
      <Filter>Source Files\VkToolbox</Filter>
    </ClInclude>
  </ItemGroup>
  <ItemGroup>
    <None Include="..\Source\Shaders\BuiltInTriangleTest.glsl">
      <Filter>Source Files\Shaders</Filter>
    </None>
  </ItemGroup>
</Project>